
Microsoft Visual Studio Solution File, Format Version 12.00
# Visual Studio Version 17
VisualStudioVersion = 17.0.31808.319
MinimumVisualStudioVersion = 10.0.40219.1
Project("{FAE04EC0-301F-11D3-BF4B-00C04F79EFBC}") = "Production Calculator", "Production Calculator\Production Calculator.csproj", "{955A8E86-DAE1-4631-9F42-D1AD78DBD326}"
EndProject
Global
	GlobalSection(SolutionConfigurationPlatforms) = preSolution
		Debug|Any CPU = Debug|Any CPU
		Release|Any CPU = Release|Any CPU
	EndGlobalSection
	GlobalSection(ProjectConfigurationPlatforms) = postSolution
		{955A8E86-DAE1-4631-9F42-D1AD78DBD326}.Debug|Any CPU.ActiveCfg = Debug|Any CPU
		{955A8E86-DAE1-4631-9F42-D1AD78DBD326}.Debug|Any CPU.Build.0 = Debug|Any CPU
		{955A8E86-DAE1-4631-9F42-D1AD78DBD326}.Release|Any CPU.ActiveCfg = Release|Any CPU
		{955A8E86-DAE1-4631-9F42-D1AD78DBD326}.Release|Any CPU.Build.0 = Release|Any CPU
	EndGlobalSection
	GlobalSection(SolutionProperties) = preSolution
		HideSolutionNode = FALSE
	EndGlobalSection
	GlobalSection(ExtensibilityGlobals) = postSolution
		SolutionGuid = {532A1FCB-4388-48FB-ADEE-9E4B48CDB3A2}
	EndGlobalSection
EndGlobal
